
Microsoft Visual Studio Solution File, Format Version 12.00
# Visual Studio 15
VisualStudioVersion = 15.0.28307.757
MinimumVisualStudioVersion = 10.0.40219.1
Project("{8BC9CEB8-8B4A-11D0-8D11-00A0C91BC942}") = "OpenGL", "OpenGL\OpenGL.vcxproj", "{20CE430A-87F0-402F-A2B9-FCE441461C21}"
EndProject
Project("{2150E333-8FDC-42A3-9474-1A3956D46DE8}") = "Solution Items", "Solution Items", "{B9BD7C3B-3F04-428E-84FD-E9989BB60ED4}"
EndProject
Global
	GlobalSection(SolutionConfigurationPlatforms) = preSolution
		Debug|x64 = Debug|x64
		Debug|x86 = Debug|x86
		Release|x64 = Release|x64
		Release|x86 = Release|x86
	EndGlobalSection
	GlobalSection(ProjectConfigurationPlatforms) = postSolution
		{20CE430A-87F0-402F-A2B9-FCE441461C21}.Debug|x64.ActiveCfg = Debug|x64
		{20CE430A-87F0-402F-A2B9-FCE441461C21}.Debug|x64.Build.0 = Debug|x64
		{20CE430A-87F0-402F-A2B9-FCE441461C21}.Debug|x86.ActiveCfg = Debug|Win32
		{20CE430A-87F0-402F-A2B9-FCE441461C21}.Debug|x86.Build.0 = Debug|Win32
		{20CE430A-87F0-402F-A2B9-FCE441461C21}.Release|x64.ActiveCfg = Release|x64
		{20CE430A-87F0-402F-A2B9-FCE441461C21}.Release|x64.Build.0 = Release|x64
		{20CE430A-87F0-402F-A2B9-FCE441461C21}.Release|x86.ActiveCfg = Release|Win32
		{20CE430A-87F0-402F-A2B9-FCE441461C21}.Release|x86.Build.0 = Release|Win32
	EndGlobalSection
	GlobalSection(SolutionProperties) = preSolution
		HideSolutionNode = FALSE
	EndGlobalSection
	GlobalSection(ExtensibilityGlobals) = postSolution
		SolutionGuid = {F43D188B-772B-47F5-809C-E535D817E8A4}
	EndGlobalSection
EndGlobal
