<?xml version="1.0" encoding="utf-8"?>
<Project ToolsVersion="4.0" xmlns="http://schemas.microsoft.com/developer/msbuild/2003">
  <ItemGroup>
    <Filter Include="src">
      <UniqueIdentifier>{089e8a26-0016-402f-8e5c-5812675fa88a}</UniqueIdentifier>
    </Filter>
    <Filter Include="res">
      <UniqueIdentifier>{c0a882e9-c7fc-415c-b98c-36ce95b69d86}</UniqueIdentifier>
    </Filter>
    <Filter Include="res\shaders">
      <UniqueIdentifier>{40e90f81-ebbf-420c-a427-7daf24a1099e}</UniqueIdentifier>
    </Filter>
  </ItemGroup>
  <ItemGroup>
    <ClCompile Include="src\Application.cpp">
      <Filter>src</Filter>
    </ClCompile>
    <ClCompile Include="src\Renderer.cpp" />
    <ClCompile Include="src\VertexBuffer.cpp" />
    <ClCompile Include="src\IndexBuffer.cpp" />
    <ClCompile Include="src\Shader.cpp" />
    <ClCompile Include="src\VertexArray.cpp" />
    <ClCompile Include="src\VertexBufferLayout.cpp" />
  </ItemGroup>
  <ItemGroup>
    <None Include="res\shaders\Basic.shader">
      <Filter>res\shaders</Filter>
    </None>
  </ItemGroup>
  <ItemGroup>
    <ClInclude Include="src\Renderer.h" />
    <ClInclude Include="src\VertexBuffer.h" />
    <ClInclude Include="src\IndexBuffer.h" />
    <ClInclude Include="src\Shader.h" />
    <ClInclude Include="src\VertexArray.h" />
    <ClInclude Include="src\VertexBufferLayout.h" />
  </ItemGroup>
</Project>